
Microsoft Visual Studio Solution File, Format Version 12.00
# Visual Studio 15
VisualStudioVersion = 15.0.28307.329
MinimumVisualStudioVersion = 10.0.40219.1
Project("{FAE04EC0-301F-11D3-BF4B-00C04F79EFBC}") = "MiniRisViewer", "MiniRisViewer\MiniRisViewer.csproj", "{DE3C35C2-8518-42A0-BF4C-7B33845D6700}"
EndProject
Project("{FAE04EC0-301F-11D3-BF4B-00C04F79EFBC}") = "MiniRisViewer.ServiceStatus", "MiniRisViewer.ServiceStatus\MiniRisViewer.ServiceStatus.csproj", "{1EEB3F88-7D05-4D17-90C1-39CD798A4DB9}"
EndProject
Global
	GlobalSection(SolutionConfigurationPlatforms) = preSolution
		Debug|Any CPU = Debug|Any CPU
		Release|Any CPU = Release|Any CPU
	EndGlobalSection
	GlobalSection(ProjectConfigurationPlatforms) = postSolution
		{DE3C35C2-8518-42A0-BF4C-7B33845D6700}.Debug|Any CPU.ActiveCfg = Debug|Any CPU
		{DE3C35C2-8518-42A0-BF4C-7B33845D6700}.Debug|Any CPU.Build.0 = Debug|Any CPU
		{DE3C35C2-8518-42A0-BF4C-7B33845D6700}.Release|Any CPU.ActiveCfg = Release|Any CPU
		{DE3C35C2-8518-42A0-BF4C-7B33845D6700}.Release|Any CPU.Build.0 = Release|Any CPU
		{1EEB3F88-7D05-4D17-90C1-39CD798A4DB9}.Debug|Any CPU.ActiveCfg = Debug|Any CPU
		{1EEB3F88-7D05-4D17-90C1-39CD798A4DB9}.Debug|Any CPU.Build.0 = Debug|Any CPU
		{1EEB3F88-7D05-4D17-90C1-39CD798A4DB9}.Release|Any CPU.ActiveCfg = Release|Any CPU
		{1EEB3F88-7D05-4D17-90C1-39CD798A4DB9}.Release|Any CPU.Build.0 = Release|Any CPU
	EndGlobalSection
	GlobalSection(SolutionProperties) = preSolution
		HideSolutionNode = FALSE
	EndGlobalSection
	GlobalSection(ExtensibilityGlobals) = postSolution
		SolutionGuid = {F4A71323-0857-4EC8-9240-6768FA4D7C06}
	EndGlobalSection
EndGlobal
